
Microsoft Visual Studio Solution File, Format Version 12.00
# Visual Studio Version 16
VisualStudioVersion = 16.0.30523.141
MinimumVisualStudioVersion = 10.0.40219.1
Project("{9A19103F-16F7-4668-BE54-9A1E7A4F7556}") = "Elevator.UI", "Elevator.UI\Elevator.UI.csproj", "{C144C569-2CE6-471A-9AD8-B6F273C50517}"
EndProject
Project("{9A19103F-16F7-4668-BE54-9A1E7A4F7556}") = "Elevator.Brain", "ElevatorBrain\Elevator.Brain.csproj", "{DF630B9D-77B3-4573-AC01-DDB23E96BA29}"
EndProject
Project("{9A19103F-16F7-4668-BE54-9A1E7A4F7556}") = "Elevator.Shared", "Elevator.Shared\Elevator.Shared.csproj", "{5F2E79FF-6549-4D69-95AD-3569281ABA3B}"
EndProject
Project("{9A19103F-16F7-4668-BE54-9A1E7A4F7556}") = "Elevator", "Elevator\Elevator.csproj", "{24C8075A-6EF3-47D1-94E5-DE85A6C4A40A}"
EndProject
Project("{9A19103F-16F7-4668-BE54-9A1E7A4F7556}") = "Elevator.Helper.Test", "Elevator.Helper.Test\Elevator.Helper.Test.csproj", "{8D551FC2-143E-428E-846E-2396DF373259}"
EndProject
Global
	GlobalSection(SolutionConfigurationPlatforms) = preSolution
		Debug|Any CPU = Debug|Any CPU
		Release|Any CPU = Release|Any CPU
	EndGlobalSection
	GlobalSection(ProjectConfigurationPlatforms) = postSolution
		{C144C569-2CE6-471A-9AD8-B6F273C50517}.Debug|Any CPU.ActiveCfg = Debug|Any CPU
		{C144C569-2CE6-471A-9AD8-B6F273C50517}.Debug|Any CPU.Build.0 = Debug|Any CPU
		{C144C569-2CE6-471A-9AD8-B6F273C50517}.Release|Any CPU.ActiveCfg = Release|Any CPU
		{C144C569-2CE6-471A-9AD8-B6F273C50517}.Release|Any CPU.Build.0 = Release|Any CPU
		{DF630B9D-77B3-4573-AC01-DDB23E96BA29}.Debug|Any CPU.ActiveCfg = Debug|Any CPU
		{DF630B9D-77B3-4573-AC01-DDB23E96BA29}.Debug|Any CPU.Build.0 = Debug|Any CPU
		{DF630B9D-77B3-4573-AC01-DDB23E96BA29}.Release|Any CPU.ActiveCfg = Release|Any CPU
		{DF630B9D-77B3-4573-AC01-DDB23E96BA29}.Release|Any CPU.Build.0 = Release|Any CPU
		{5F2E79FF-6549-4D69-95AD-3569281ABA3B}.Debug|Any CPU.ActiveCfg = Debug|Any CPU
		{5F2E79FF-6549-4D69-95AD-3569281ABA3B}.Debug|Any CPU.Build.0 = Debug|Any CPU
		{5F2E79FF-6549-4D69-95AD-3569281ABA3B}.Release|Any CPU.ActiveCfg = Release|Any CPU
		{5F2E79FF-6549-4D69-95AD-3569281ABA3B}.Release|Any CPU.Build.0 = Release|Any CPU
		{24C8075A-6EF3-47D1-94E5-DE85A6C4A40A}.Debug|Any CPU.ActiveCfg = Debug|Any CPU
		{24C8075A-6EF3-47D1-94E5-DE85A6C4A40A}.Debug|Any CPU.Build.0 = Debug|Any CPU
		{24C8075A-6EF3-47D1-94E5-DE85A6C4A40A}.Release|Any CPU.ActiveCfg = Release|Any CPU
		{24C8075A-6EF3-47D1-94E5-DE85A6C4A40A}.Release|Any CPU.Build.0 = Release|Any CPU
		{8D551FC2-143E-428E-846E-2396DF373259}.Debug|Any CPU.ActiveCfg = Debug|Any CPU
		{8D551FC2-143E-428E-846E-2396DF373259}.Debug|Any CPU.Build.0 = Debug|Any CPU
		{8D551FC2-143E-428E-846E-2396DF373259}.Release|Any CPU.ActiveCfg = Release|Any CPU
		{8D551FC2-143E-428E-846E-2396DF373259}.Release|Any CPU.Build.0 = Release|Any CPU
	EndGlobalSection
	GlobalSection(SolutionProperties) = preSolution
		HideSolutionNode = FALSE
	EndGlobalSection
	GlobalSection(ExtensibilityGlobals) = postSolution
		SolutionGuid = {89AA81B1-9F9B-4C98-A494-66D8060001E5}
	EndGlobalSection
EndGlobal
